
Microsoft Visual Studio Solution File, Format Version 12.00
# Visual Studio Version 17
VisualStudioVersion = 17.8.34322.80
MinimumVisualStudioVersion = 10.0.40219.1
Project("{FAE04EC0-301F-11D3-BF4B-00C04F79EFBC}") = "WA_GitSampleProject", "WA_GitSampleProject\WA_GitSampleProject.csproj", "{627EE0CE-297B-4DE2-9DF0-BA21A540FD6C}"
EndProject
Global
	GlobalSection(SolutionConfigurationPlatforms) = preSolution
		Debug|Any CPU = Debug|Any CPU
		Release|Any CPU = Release|Any CPU
	EndGlobalSection
	GlobalSection(ProjectConfigurationPlatforms) = postSolution
		{627EE0CE-297B-4DE2-9DF0-BA21A540FD6C}.Debug|Any CPU.ActiveCfg = Debug|Any CPU
		{627EE0CE-297B-4DE2-9DF0-BA21A540FD6C}.Debug|Any CPU.Build.0 = Debug|Any CPU
		{627EE0CE-297B-4DE2-9DF0-BA21A540FD6C}.Release|Any CPU.ActiveCfg = Release|Any CPU
		{627EE0CE-297B-4DE2-9DF0-BA21A540FD6C}.Release|Any CPU.Build.0 = Release|Any CPU
	EndGlobalSection
	GlobalSection(SolutionProperties) = preSolution
		HideSolutionNode = FALSE
	EndGlobalSection
	GlobalSection(ExtensibilityGlobals) = postSolution
		SolutionGuid = {47E1BD07-DD12-4784-8A88-B7DC5A65A442}
	EndGlobalSection
EndGlobal
